// !$*UTF8*$!
{
	archiveVersion = 1;
	classes = {
	};
	objectVersion = 46;
	objects = {

/* Begin PBXBuildFile section */
		1F14AFFC1D087C8E00720BB1 /* AppDelegate.swift in Sources */ = {isa = PBXBuildFile; fileRef = 1F14AFFB1D087C8E00720BB1 /* AppDelegate.swift */; };
		1F14B0001D087C8E00720BB1 /* GameScene.swift in Sources */ = {isa = PBXBuildFile; fileRef = 1F14AFFF1D087C8E00720BB1 /* GameScene.swift */; };
		1F14B0021D087C8E00720BB1 /* GameViewController.swift in Sources */ = {isa = PBXBuildFile; fileRef = 1F14B0011D087C8E00720BB1 /* GameViewController.swift */; };
		1F14B0051D087C8E00720BB1 /* Main.storyboard in Resources */ = {isa = PBXBuildFile; fileRef = 1F14B0031D087C8E00720BB1 /* Main.storyboard */; };
		1F14B0071D087C8E00720BB1 /* Assets.xcassets in Resources */ = {isa = PBXBuildFile; fileRef = 1F14B0061D087C8E00720BB1 /* Assets.xcassets */; };
		1F14B00A1D087C8E00720BB1 /* LaunchScreen.storyboard in Resources */ = {isa = PBXBuildFile; fileRef = 1F14B0081D087C8E00720BB1 /* LaunchScreen.storyboard */; };
		1F14B0121D087CCC00720BB1 /* BobbleHead.swift in Sources */ = {isa = PBXBuildFile; fileRef = 1F14B0111D087CCC00720BB1 /* BobbleHead.swift */; };
		1F14B0141D08806300720BB1 /* Array2D.swift in Sources */ = {isa = PBXBuildFile; fileRef = 1F14B0131D08806300720BB1 /* Array2D.swift */; };
		1F14B0161D0880A800720BB1 /* Level.swift in Sources */ = {isa = PBXBuildFile; fileRef = 1F14B0151D0880A800720BB1 /* Level.swift */; };
		1F14B01E1D0884AC00720BB1 /* Level_0.json in Resources */ = {isa = PBXBuildFile; fileRef = 1F14B0191D0884AC00720BB1 /* Level_0.json */; };
		1F14B01F1D0884AC00720BB1 /* Level_1.json in Resources */ = {isa = PBXBuildFile; fileRef = 1F14B01A1D0884AC00720BB1 /* Level_1.json */; };
		1F14B0201D0884AC00720BB1 /* Level_2.json in Resources */ = {isa = PBXBuildFile; fileRef = 1F14B01B1D0884AC00720BB1 /* Level_2.json */; };
		1F14B0211D0884AC00720BB1 /* Level_3.json in Resources */ = {isa = PBXBuildFile; fileRef = 1F14B01C1D0884AC00720BB1 /* Level_3.json */; };
		1F14B0221D0884AC00720BB1 /* Level_4.json in Resources */ = {isa = PBXBuildFile; fileRef = 1F14B01D1D0884AC00720BB1 /* Level_4.json */; };
		1F14B0241D0884C600720BB1 /* Grid.atlas in Resources */ = {isa = PBXBuildFile; fileRef = 1F14B0231D0884C600720BB1 /* Grid.atlas */; };
		1F14B0271D0885FD00720BB1 /* San Francisco Giants - Bye Bye Baby.mp3 in Resources */ = {isa = PBXBuildFile; fileRef = 1F14B0261D0885FD00720BB1 /* San Francisco Giants - Bye Bye Baby.mp3 */; };
		1F14B0291D08862800720BB1 /* Tile.swift in Sources */ = {isa = PBXBuildFile; fileRef = 1F14B0281D08862800720BB1 /* Tile.swift */; };
		1F14B02B1D08867C00720BB1 /* Extensions.swift in Sources */ = {isa = PBXBuildFile; fileRef = 1F14B02A1D08867C00720BB1 /* Extensions.swift */; };
		1F14B02D1D08B7F800720BB1 /* Sprites.atlas in Resources */ = {isa = PBXBuildFile; fileRef = 1F14B02C1D08B7F800720BB1 /* Sprites.atlas */; };
		1F7F21A81D0A051100B92DB1 /* Cheer.wav in Resources */ = {isa = PBXBuildFile; fileRef = 1F7F21A71D0A051100B92DB1 /* Cheer.wav */; };
		1F7F21AC1D0A30BF00B92DB1 /* Button@3x.png in Resources */ = {isa = PBXBuildFile; fileRef = 1F7F21A91D0A30BF00B92DB1 /* Button@3x.png */; };
		1F7F21AD1D0A30BF00B92DB1 /* GameOver@3x.png in Resources */ = {isa = PBXBuildFile; fileRef = 1F7F21AA1D0A30BF00B92DB1 /* GameOver@3x.png */; };
		1F7F21AE1D0A30BF00B92DB1 /* LevelComplete@3x.png in Resources */ = {isa = PBXBuildFile; fileRef = 1F7F21AB1D0A30BF00B92DB1 /* LevelComplete@3x.png */; };
		1F7F21B01D0A468C00B92DB1 /* Level_5.json in Resources */ = {isa = PBXBuildFile; fileRef = 1F7F21AF1D0A468C00B92DB1 /* Level_5.json */; };
		1F7F21B51D0A4A9800B92DB1 /* Kuiper HR Call.wav in Resources */ = {isa = PBXBuildFile; fileRef = 1F7F21B41D0A4A9800B92DB1 /* Kuiper HR Call.wav */; };
		1FBF164E1D09E66600583B51 /* Swap.swift in Sources */ = {isa = PBXBuildFile; fileRef = 1FBF164D1D09E66600583B51 /* Swap.swift */; };
		1FBF16531D09EE0900583B51 /* Chomp.wav in Resources */ = {isa = PBXBuildFile; fileRef = 1FBF164F1D09EE0900583B51 /* Chomp.wav */; };
		1FBF16541D09EE0900583B51 /* Drip.wav in Resources */ = {isa = PBXBuildFile; fileRef = 1FBF16501D09EE0900583B51 /* Drip.wav */; };
		1FBF16551D09EE0900583B51 /* Error.wav in Resources */ = {isa = PBXBuildFile; fileRef = 1FBF16511D09EE0900583B51 /* Error.wav */; };
		1FBF16561D09EE0900583B51 /* Ka-Ching.wav in Resources */ = {isa = PBXBuildFile; fileRef = 1FBF16521D09EE0900583B51 /* Ka-Ching.wav */; };
		1FBF16581D09EE0F00583B51 /* Scrape.wav in Resources */ = {isa = PBXBuildFile; fileRef = 1FBF16571D09EE0F00583B51 /* Scrape.wav */; };
		1FBF165A1D09F4BB00583B51 /* Play Ball.wav in Resources */ = {isa = PBXBuildFile; fileRef = 1FBF16591D09F4BB00583B51 /* Play Ball.wav */; };
		1FBF165C1D09F53400583B51 /* Baseball Hitting Bat.wav in Resources */ = {isa = PBXBuildFile; fileRef = 1FBF165B1D09F53400583B51 /* Baseball Hitting Bat.wav */; };
		1FBF165E1D09F57F00583B51 /* Whiff.wav in Resources */ = {isa = PBXBuildFile; fileRef = 1FBF165D1D09F57F00583B51 /* Whiff.wav */; };
		1FBF16601D09F65F00583B51 /* Sliding Into Home.wav in Resources */ = {isa = PBXBuildFile; fileRef = 1FBF165F1D09F65F00583B51 /* Sliding Into Home.wav */; };
		1FBF16621D09F69200583B51 /* Chain.swift in Sources */ = {isa = PBXBuildFile; fileRef = 1FBF16611D09F69200583B51 /* Chain.swift */; };
		1FBF16641D0A02D200583B51 /* Ball Hitting Glove.wav in Resources */ = {isa = PBXBuildFile; fileRef = 1FBF16631D0A02D200583B51 /* Ball Hitting Glove.wav */; };
		1FC421041D0A51F60015E37D /* Level_6.json in Resources */ = {isa = PBXBuildFile; fileRef = 1FC421031D0A51F60015E37D /* Level_6.json */; };
		1FC421061D0A52630015E37D /* Level_7.json in Resources */ = {isa = PBXBuildFile; fileRef = 1FC421051D0A52630015E37D /* Level_7.json */; };
		1FC421081D0A52E70015E37D /* Level_8.json in Resources */ = {isa = PBXBuildFile; fileRef = 1FC421071D0A52E70015E37D /* Level_8.json */; };
		1FC4210A1D0A533A0015E37D /* Level_9.json in Resources */ = {isa = PBXBuildFile; fileRef = 1FC421091D0A533A0015E37D /* Level_9.json */; };
		1FC4210C1D0A53BB0015E37D /* Level_10.json in Resources */ = {isa = PBXBuildFile; fileRef = 1FC4210B1D0A53BB0015E37D /* Level_10.json */; };
		1FC4210E1D0A6CD60015E37D /* Level_11.json in Resources */ = {isa = PBXBuildFile; fileRef = 1FC4210D1D0A6CD60015E37D /* Level_11.json */; };
		1FC421101D0A6E100015E37D /* Level_12.json in Resources */ = {isa = PBXBuildFile; fileRef = 1FC4210F1D0A6E100015E37D /* Level_12.json */; };
		1FC421121D0A74880015E37D /* Grab Some Pine Meat.wav in Resources */ = {isa = PBXBuildFile; fileRef = 1FC421111D0A74880015E37D /* Grab Some Pine Meat.wav */; };
		1FC421141D0A75870015E37D /* Grab Some Pine Meat 2.wav in Resources */ = {isa = PBXBuildFile; fileRef = 1FC421131D0A75870015E37D /* Grab Some Pine Meat 2.wav */; };
		1FC421161D0A7B070015E37D /* Level_13.json in Resources */ = {isa = PBXBuildFile; fileRef = 1FC421151D0A7B070015E37D /* Level_13.json */; };
		1FC421181D0A7BCF0015E37D /* Level_14.json in Resources */ = {isa = PBXBuildFile; fileRef = 1FC421171D0A7BCF0015E37D /* Level_14.json */; };
		1FC4211A1D0A7CA30015E37D /* Level_15.json in Resources */ = {isa = PBXBuildFile; fileRef = 1FC421191D0A7CA30015E37D /* Level_15.json */; };
		1FC4211C1D0B141D0015E37D /* Level_16.json in Resources */ = {isa = PBXBuildFile; fileRef = 1FC4211B1D0B141D0015E37D /* Level_16.json */; };
		1FC4211E1D0B15A00015E37D /* Level_17.json in Resources */ = {isa = PBXBuildFile; fileRef = 1FC4211D1D0B15A00015E37D /* Level_17.json */; };
/* End PBXBuildFile section */

/* Begin PBXFileReference section */
		1F14AFF81D087C8E00720BB1 /* Bobble Head Crush.app */ = {isa = PBXFileReference; explicitFileType = wrapper.application; includeInIndex = 0; path = "Bobble Head Crush.app"; sourceTree = BUILT_PRODUCTS_DIR; };
		1F14AFFB1D087C8E00720BB1 /* AppDelegate.swift */ = {isa = PBXFileReference; lastKnownFileType = sourcecode.swift; path = AppDelegate.swift; sourceTree = "<group>"; };
		1F14AFFF1D087C8E00720BB1 /* GameScene.swift */ = {isa = PBXFileReference; lastKnownFileType = sourcecode.swift; path = GameScene.swift; sourceTree = "<group>"; };
		1F14B0011D087C8E00720BB1 /* GameViewController.swift */ = {isa = PBXFileReference; lastKnownFileType = sourcecode.swift; path = GameViewController.swift; sourceTree = "<group>"; };
		1F14B0041D087C8E00720BB1 /* Base */ = {isa = PBXFileReference; lastKnownFileType = file.storyboard; name = Base; path = Base.lproj/Main.storyboard; sourceTree = "<group>"; };
		1F14B0061D087C8E00720BB1 /* Assets.xcassets */ = {isa = PBXFileReference; lastKnownFileType = folder.assetcatalog; path = Assets.xcassets; sourceTree = "<group>"; };
		1F14B0091D087C8E00720BB1 /* Base */ = {isa = PBXFileReference; lastKnownFileType = file.storyboard; name = Base; path = Base.lproj/LaunchScreen.storyboard; sourceTree = "<group>"; };
		1F14B00B1D087C8E00720BB1 /* Info.plist */ = {isa = PBXFileReference; lastKnownFileType = text.plist.xml; path = Info.plist; sourceTree = "<group>"; };
		1F14B0111D087CCC00720BB1 /* BobbleHead.swift */ = {isa = PBXFileReference; fileEncoding = 4; lastKnownFileType = sourcecode.swift; path = BobbleHead.swift; sourceTree = "<group>"; };
		1F14B0131D08806300720BB1 /* Array2D.swift */ = {isa = PBXFileReference; fileEncoding = 4; lastKnownFileType = sourcecode.swift; path = Array2D.swift; sourceTree = "<group>"; };
		1F14B0151D0880A800720BB1 /* Level.swift */ = {isa = PBXFileReference; fileEncoding = 4; lastKnownFileType = sourcecode.swift; path = Level.swift; sourceTree = "<group>"; };
		1F14B0191D0884AC00720BB1 /* Level_0.json */ = {isa = PBXFileReference; fileEncoding = 4; lastKnownFileType = text.json; path = Level_0.json; sourceTree = "<group>"; };
		1F14B01A1D0884AC00720BB1 /* Level_1.json */ = {isa = PBXFileReference; fileEncoding = 4; lastKnownFileType = text.json; path = Level_1.json; sourceTree = "<group>"; };
		1F14B01B1D0884AC00720BB1 /* Level_2.json */ = {isa = PBXFileReference; fileEncoding = 4; lastKnownFileType = text.json; path = Level_2.json; sourceTree = "<group>"; };
		1F14B01C1D0884AC00720BB1 /* Level_3.json */ = {isa = PBXFileReference; fileEncoding = 4; lastKnownFileType = text.json; path = Level_3.json; sourceTree = "<group>"; };
		1F14B01D1D0884AC00720BB1 /* Level_4.json */ = {isa = PBXFileReference; fileEncoding = 4; lastKnownFileType = text.json; path = Level_4.json; sourceTree = "<group>"; };
		1F14B0231D0884C600720BB1 /* Grid.atlas */ = {isa = PBXFileReference; lastKnownFileType = folder.skatlas; path = Grid.atlas; sourceTree = "<group>"; };
		1F14B0261D0885FD00720BB1 /* San Francisco Giants - Bye Bye Baby.mp3 */ = {isa = PBXFileReference; lastKnownFileType = audio.mp3; path = "San Francisco Giants - Bye Bye Baby.mp3"; sourceTree = "<group>"; };
		1F14B0281D08862800720BB1 /* Tile.swift */ = {isa = PBXFileReference; fileEncoding = 4; lastKnownFileType = sourcecode.swift; path = Tile.swift; sourceTree = "<group>"; };
		1F14B02A1D08867C00720BB1 /* Extensions.swift */ = {isa = PBXFileReference; fileEncoding = 4; lastKnownFileType = sourcecode.swift; path = Extensions.swift; sourceTree = "<group>"; };
		1F14B02C1D08B7F800720BB1 /* Sprites.atlas */ = {isa = PBXFileReference; lastKnownFileType = folder.skatlas; path = Sprites.atlas; sourceTree = "<group>"; };
		1F7F21A71D0A051100B92DB1 /* Cheer.wav */ = {isa = PBXFileReference; lastKnownFileType = audio.wav; path = Cheer.wav; sourceTree = "<group>"; };
		1F7F21A91D0A30BF00B92DB1 /* Button@3x.png */ = {isa = PBXFileReference; lastKnownFileType = image.png; path = "Button@3x.png"; sourceTree = "<group>"; };
		1F7F21AA1D0A30BF00B92DB1 /* GameOver@3x.png */ = {isa = PBXFileReference; lastKnownFileType = image.png; path = "GameOver@3x.png"; sourceTree = "<group>"; };
		1F7F21AB1D0A30BF00B92DB1 /* LevelComplete@3x.png */ = {isa = PBXFileReference; lastKnownFileType = image.png; path = "LevelComplete@3x.png"; sourceTree = "<group>"; };
		1F7F21AF1D0A468C00B92DB1 /* Level_5.json */ = {isa = PBXFileReference; fileEncoding = 4; lastKnownFileType = text.json; path = Level_5.json; sourceTree = "<group>"; };
		1F7F21B41D0A4A9800B92DB1 /* Kuiper HR Call.wav */ = {isa = PBXFileReference; lastKnownFileType = audio.wav; path = "Kuiper HR Call.wav"; sourceTree = "<group>"; };
		1FBF164D1D09E66600583B51 /* Swap.swift */ = {isa = PBXFileReference; fileEncoding = 4; lastKnownFileType = sourcecode.swift; path = Swap.swift; sourceTree = "<group>"; };
		1FBF164F1D09EE0900583B51 /* Chomp.wav */ = {isa = PBXFileReference; lastKnownFileType = audio.wav; path = Chomp.wav; sourceTree = "<group>"; };
		1FBF16501D09EE0900583B51 /* Drip.wav */ = {isa = PBXFileReference; lastKnownFileType = audio.wav; path = Drip.wav; sourceTree = "<group>"; };
		1FBF16511D09EE0900583B51 /* Error.wav */ = {isa = PBXFileReference; lastKnownFileType = audio.wav; path = Error.wav; sourceTree = "<group>"; };
		1FBF16521D09EE0900583B51 /* Ka-Ching.wav */ = {isa = PBXFileReference; lastKnownFileType = audio.wav; path = "Ka-Ching.wav"; sourceTree = "<group>"; };
		1FBF16571D09EE0F00583B51 /* Scrape.wav */ = {isa = PBXFileReference; lastKnownFileType = audio.wav; path = Scrape.wav; sourceTree = "<group>"; };
		1FBF16591D09F4BB00583B51 /* Play Ball.wav */ = {isa = PBXFileReference; lastKnownFileType = audio.wav; path = "Play Ball.wav"; sourceTree = "<group>"; };
		1FBF165B1D09F53400583B51 /* Baseball Hitting Bat.wav */ = {isa = PBXFileReference; lastKnownFileType = audio.wav; path = "Baseball Hitting Bat.wav"; sourceTree = "<group>"; };
		1FBF165D1D09F57F00583B51 /* Whiff.wav */ = {isa = PBXFileReference; lastKnownFileType = audio.wav; path = Whiff.wav; sourceTree = "<group>"; };
		1FBF165F1D09F65F00583B51 /* Sliding Into Home.wav */ = {isa = PBXFileReference; lastKnownFileType = audio.wav; path = "Sliding Into Home.wav"; sourceTree = "<group>"; };
		1FBF16611D09F69200583B51 /* Chain.swift */ = {isa = PBXFileReference; fileEncoding = 4; lastKnownFileType = sourcecode.swift; path = Chain.swift; sourceTree = "<group>"; };
		1FBF16631D0A02D200583B51 /* Ball Hitting Glove.wav */ = {isa = PBXFileReference; lastKnownFileType = audio.wav; path = "Ball Hitting Glove.wav"; sourceTree = "<group>"; };
		1FC421031D0A51F60015E37D /* Level_6.json */ = {isa = PBXFileReference; fileEncoding = 4; lastKnownFileType = text.json; path = Level_6.json; sourceTree = "<group>"; };
		1FC421051D0A52630015E37D /* Level_7.json */ = {isa = PBXFileReference; fileEncoding = 4; lastKnownFileType = text.json; path = Level_7.json; sourceTree = "<group>"; };
		1FC421071D0A52E70015E37D /* Level_8.json */ = {isa = PBXFileReference; fileEncoding = 4; lastKnownFileType = text.json; path = Level_8.json; sourceTree = "<group>"; };
		1FC421091D0A533A0015E37D /* Level_9.json */ = {isa = PBXFileReference; fileEncoding = 4; lastKnownFileType = text.json; path = Level_9.json; sourceTree = "<group>"; };
		1FC4210B1D0A53BB0015E37D /* Level_10.json */ = {isa = PBXFileReference; fileEncoding = 4; lastKnownFileType = text.json; path = Level_10.json; sourceTree = "<group>"; };
		1FC4210D1D0A6CD60015E37D /* Level_11.json */ = {isa = PBXFileReference; fileEncoding = 4; lastKnownFileType = text.json; path = Level_11.json; sourceTree = "<group>"; };
		1FC4210F1D0A6E100015E37D /* Level_12.json */ = {isa = PBXFileReference; fileEncoding = 4; lastKnownFileType = text.json; path = Level_12.json; sourceTree = "<group>"; };
		1FC421111D0A74880015E37D /* Grab Some Pine Meat.wav */ = {isa = PBXFileReference; lastKnownFileType = audio.wav; path = "Grab Some Pine Meat.wav"; sourceTree = "<group>"; };
		1FC421131D0A75870015E37D /* Grab Some Pine Meat 2.wav */ = {isa = PBXFileReference; lastKnownFileType = audio.wav; path = "Grab Some Pine Meat 2.wav"; sourceTree = "<group>"; };
		1FC421151D0A7B070015E37D /* Level_13.json */ = {isa = PBXFileReference; fileEncoding = 4; lastKnownFileType = text.json; path = Level_13.json; sourceTree = "<group>"; };
		1FC421171D0A7BCF0015E37D /* Level_14.json */ = {isa = PBXFileReference; fileEncoding = 4; lastKnownFileType = text.json; path = Level_14.json; sourceTree = "<group>"; };
		1FC421191D0A7CA30015E37D /* Level_15.json */ = {isa = PBXFileReference; fileEncoding = 4; lastKnownFileType = text.json; path = Level_15.json; sourceTree = "<group>"; };
		1FC4211B1D0B141D0015E37D /* Level_16.json */ = {isa = PBXFileReference; fileEncoding = 4; lastKnownFileType = text.json; path = Level_16.json; sourceTree = "<group>"; };
		1FC4211D1D0B15A00015E37D /* Level_17.json */ = {isa = PBXFileReference; fileEncoding = 4; lastKnownFileType = text.json; path = Level_17.json; sourceTree = "<group>"; };
/* End PBXFileReference section */

/* Begin PBXFrameworksBuildPhase section */
		1F14AFF51D087C8E00720BB1 /* Frameworks */ = {
			isa = PBXFrameworksBuildPhase;
			buildActionMask = 2147483647;
			files = (
			);
			runOnlyForDeploymentPostprocessing = 0;
		};
/* End PBXFrameworksBuildPhase section */

/* Begin PBXGroup section */
		1F14AFEF1D087C8E00720BB1 = {
			isa = PBXGroup;
			children = (
				1F14AFFA1D087C8E00720BB1 /* Bobble Head Crush */,
				1F14AFF91D087C8E00720BB1 /* Products */,
			);
			sourceTree = "<group>";
		};
		1F14AFF91D087C8E00720BB1 /* Products */ = {
			isa = PBXGroup;
			children = (
				1F14AFF81D087C8E00720BB1 /* Bobble Head Crush.app */,
			);
			name = Products;
			sourceTree = "<group>";
		};
		1F14AFFA1D087C8E00720BB1 /* Bobble Head Crush */ = {
			isa = PBXGroup;
			children = (
				1F14B0171D08849900720BB1 /* Resources */,
				1F14AFFB1D087C8E00720BB1 /* AppDelegate.swift */,
				1F14AFFF1D087C8E00720BB1 /* GameScene.swift */,
				1F14B0011D087C8E00720BB1 /* GameViewController.swift */,
				1F14B0031D087C8E00720BB1 /* Main.storyboard */,
				1F14B0061D087C8E00720BB1 /* Assets.xcassets */,
				1F14B0081D087C8E00720BB1 /* LaunchScreen.storyboard */,
				1F14B00B1D087C8E00720BB1 /* Info.plist */,
				1F14B0111D087CCC00720BB1 /* BobbleHead.swift */,
				1F14B0151D0880A800720BB1 /* Level.swift */,
				1F14B0131D08806300720BB1 /* Array2D.swift */,
				1F14B0281D08862800720BB1 /* Tile.swift */,
				1F14B02A1D08867C00720BB1 /* Extensions.swift */,
				1FBF164D1D09E66600583B51 /* Swap.swift */,
				1FBF16611D09F69200583B51 /* Chain.swift */,
			);
			path = "Bobble Head Crush";
			sourceTree = "<group>";
		};
		1F14B0171D08849900720BB1 /* Resources */ = {
			isa = PBXGroup;
			children = (
				1F7F21A91D0A30BF00B92DB1 /* Button@3x.png */,
				1F7F21AA1D0A30BF00B92DB1 /* GameOver@3x.png */,
				1F7F21AB1D0A30BF00B92DB1 /* LevelComplete@3x.png */,
				1F14B02C1D08B7F800720BB1 /* Sprites.atlas */,
				1F14B0251D0885F100720BB1 /* Sounds */,
				1F14B0231D0884C600720BB1 /* Grid.atlas */,
				1F14B0181D0884AC00720BB1 /* Levels */,
			);
			name = Resources;
			sourceTree = "<group>";
		};
		1F14B0181D0884AC00720BB1 /* Levels */ = {
			isa = PBXGroup;
			children = (
				1F14B0191D0884AC00720BB1 /* Level_0.json */,
				1F14B01A1D0884AC00720BB1 /* Level_1.json */,
				1F14B01B1D0884AC00720BB1 /* Level_2.json */,
				1F14B01C1D0884AC00720BB1 /* Level_3.json */,
				1F14B01D1D0884AC00720BB1 /* Level_4.json */,
				1F7F21AF1D0A468C00B92DB1 /* Level_5.json */,
				1FC421031D0A51F60015E37D /* Level_6.json */,
				1FC421051D0A52630015E37D /* Level_7.json */,
				1FC421071D0A52E70015E37D /* Level_8.json */,
				1FC421091D0A533A0015E37D /* Level_9.json */,
				1FC4210B1D0A53BB0015E37D /* Level_10.json */,
				1FC4210D1D0A6CD60015E37D /* Level_11.json */,
				1FC4210F1D0A6E100015E37D /* Level_12.json */,
				1FC421151D0A7B070015E37D /* Level_13.json */,
				1FC421171D0A7BCF0015E37D /* Level_14.json */,
				1FC421191D0A7CA30015E37D /* Level_15.json */,
				1FC4211B1D0B141D0015E37D /* Level_16.json */,
				1FC4211D1D0B15A00015E37D /* Level_17.json */,
			);
			path = Levels;
			sourceTree = "<group>";
		};
		1F14B0251D0885F100720BB1 /* Sounds */ = {
			isa = PBXGroup;
			children = (
				1FC421111D0A74880015E37D /* Grab Some Pine Meat.wav */,
				1FBF165D1D09F57F00583B51 /* Whiff.wav */,
				1FBF164F1D09EE0900583B51 /* Chomp.wav */,
				1F7F21B41D0A4A9800B92DB1 /* Kuiper HR Call.wav */,
				1FC421131D0A75870015E37D /* Grab Some Pine Meat 2.wav */,
				1FBF16501D09EE0900583B51 /* Drip.wav */,
				1FBF16511D09EE0900583B51 /* Error.wav */,
				1FBF16631D0A02D200583B51 /* Ball Hitting Glove.wav */,
				1FBF165F1D09F65F00583B51 /* Sliding Into Home.wav */,
				1F7F21A71D0A051100B92DB1 /* Cheer.wav */,
				1FBF165B1D09F53400583B51 /* Baseball Hitting Bat.wav */,
				1FBF16591D09F4BB00583B51 /* Play Ball.wav */,
				1FBF16521D09EE0900583B51 /* Ka-Ching.wav */,
				1FBF16571D09EE0F00583B51 /* Scrape.wav */,
				1F14B0261D0885FD00720BB1 /* San Francisco Giants - Bye Bye Baby.mp3 */,
			);
			name = Sounds;
			sourceTree = "<group>";
		};
/* End PBXGroup section */

/* Begin PBXNativeTarget section */
		1F14AFF71D087C8E00720BB1 /* Bobble Head Crush */ = {
			isa = PBXNativeTarget;
			buildConfigurationList = 1F14B00E1D087C8E00720BB1 /* Build configuration list for PBXNativeTarget "Bobble Head Crush" */;
			buildPhases = (
				1F14AFF41D087C8E00720BB1 /* Sources */,
				1F14AFF51D087C8E00720BB1 /* Frameworks */,
				1F14AFF61D087C8E00720BB1 /* Resources */,
			);
			buildRules = (
			);
			dependencies = (
			);
			name = "Bobble Head Crush";
			productName = "Bobble Head Crush";
			productReference = 1F14AFF81D087C8E00720BB1 /* Bobble Head Crush.app */;
			productType = "com.apple.product-type.application";
		};
/* End PBXNativeTarget section */

/* Begin PBXProject section */
		1F14AFF01D087C8E00720BB1 /* Project object */ = {
			isa = PBXProject;
			attributes = {
				LastSwiftUpdateCheck = 0730;
				LastUpgradeCheck = 0730;
				ORGANIZATIONNAME = "Marcel Molina";
				TargetAttributes = {
					1F14AFF71D087C8E00720BB1 = {
						CreatedOnToolsVersion = 7.3.1;
						DevelopmentTeam = YEFPT58Q89;
					};
				};
			};
			buildConfigurationList = 1F14AFF31D087C8E00720BB1 /* Build configuration list for PBXProject "Bobble Head Crush" */;
			compatibilityVersion = "Xcode 3.2";
			developmentRegion = English;
			hasScannedForEncodings = 0;
			knownRegions = (
				en,
				Base,
			);
			mainGroup = 1F14AFEF1D087C8E00720BB1;
			productRefGroup = 1F14AFF91D087C8E00720BB1 /* Products */;
			projectDirPath = "";
			projectRoot = "";
			targets = (
				1F14AFF71D087C8E00720BB1 /* Bobble Head Crush */,
			);
		};
/* End PBXProject section */

/* Begin PBXResourcesBuildPhase section */
		1F14AFF61D087C8E00720BB1 /* Resources */ = {
			isa = PBXResourcesBuildPhase;
			buildActionMask = 2147483647;
			files = (
				1F14B00A1D087C8E00720BB1 /* LaunchScreen.storyboard in Resources */,
				1FC421081D0A52E70015E37D /* Level_8.json in Resources */,
				1FC421141D0A75870015E37D /* Grab Some Pine Meat 2.wav in Resources */,
				1FBF16541D09EE0900583B51 /* Drip.wav in Resources */,
				1FC4211E1D0B15A00015E37D /* Level_17.json in Resources */,
				1FBF16601D09F65F00583B51 /* Sliding Into Home.wav in Resources */,
				1FBF165E1D09F57F00583B51 /* Whiff.wav in Resources */,
				1F7F21B01D0A468C00B92DB1 /* Level_5.json in Resources */,
				1FC421041D0A51F60015E37D /* Level_6.json in Resources */,
				1FC421161D0A7B070015E37D /* Level_13.json in Resources */,
				1FC421101D0A6E100015E37D /* Level_12.json in Resources */,
				1FBF165C1D09F53400583B51 /* Baseball Hitting Bat.wav in Resources */,
				1F14B0241D0884C600720BB1 /* Grid.atlas in Resources */,
				1FC4210A1D0A533A0015E37D /* Level_9.json in Resources */,
				1FC421181D0A7BCF0015E37D /* Level_14.json in Resources */,
				1F7F21A81D0A051100B92DB1 /* Cheer.wav in Resources */,
				1F14B0201D0884AC00720BB1 /* Level_2.json in Resources */,
				1FBF16581D09EE0F00583B51 /* Scrape.wav in Resources */,
				1FC4210C1D0A53BB0015E37D /* Level_10.json in Resources */,
				1F14B0211D0884AC00720BB1 /* Level_3.json in Resources */,
				1FBF16531D09EE0900583B51 /* Chomp.wav in Resources */,
				1F7F21AD1D0A30BF00B92DB1 /* GameOver@3x.png in Resources */,
				1FC421061D0A52630015E37D /* Level_7.json in Resources */,
				1F14B01F1D0884AC00720BB1 /* Level_1.json in Resources */,
				1F14B02D1D08B7F800720BB1 /* Sprites.atlas in Resources */,
				1F14B0071D087C8E00720BB1 /* Assets.xcassets in Resources */,
				1F7F21B51D0A4A9800B92DB1 /* Kuiper HR Call.wav in Resources */,
				1F7F21AE1D0A30BF00B92DB1 /* LevelComplete@3x.png in Resources */,
				1FC4211C1D0B141D0015E37D /* Level_16.json in Resources */,
				1FC421121D0A74880015E37D /* Grab Some Pine Meat.wav in Resources */,
				1FBF16551D09EE0900583B51 /* Error.wav in Resources */,
				1FBF16641D0A02D200583B51 /* Ball Hitting Glove.wav in Resources */,
				1F14B0271D0885FD00720BB1 /* San Francisco Giants - Bye Bye Baby.mp3 in Resources */,
				1FBF16561D09EE0900583B51 /* Ka-Ching.wav in Resources */,
				1FC4211A1D0A7CA30015E37D /* Level_15.json in Resources */,
				1F14B0051D087C8E00720BB1 /* Main.storyboard in Resources */,
				1F14B01E1D0884AC00720BB1 /* Level_0.json in Resources */,
				1FC4210E1D0A6CD60015E37D /* Level_11.json in Resources */,
				1FBF165A1D09F4BB00583B51 /* Play Ball.wav in Resources */,
				1F14B0221D0884AC00720BB1 /* Level_4.json in Resources */,
				1F7F21AC1D0A30BF00B92DB1 /* Button@3x.png in Resources */,
			);
			runOnlyForDeploymentPostprocessing = 0;
		};
/* End PBXResourcesBuildPhase section */

/* Begin PBXSourcesBuildPhase section */
		1F14AFF41D087C8E00720BB1 /* Sources */ = {
			isa = PBXSourcesBuildPhase;
			buildActionMask = 2147483647;
			files = (
				1F14B0161D0880A800720BB1 /* Level.swift in Sources */,
				1F14B0001D087C8E00720BB1 /* GameScene.swift in Sources */,
				1F14B0021D087C8E00720BB1 /* GameViewController.swift in Sources */,
				1F14B02B1D08867C00720BB1 /* Extensions.swift in Sources */,
				1F14B0291D08862800720BB1 /* Tile.swift in Sources */,
				1FBF16621D09F69200583B51 /* Chain.swift in Sources */,
				1F14AFFC1D087C8E00720BB1 /* AppDelegate.swift in Sources */,
				1F14B0121D087CCC00720BB1 /* BobbleHead.swift in Sources */,
				1F14B0141D08806300720BB1 /* Array2D.swift in Sources */,
				1FBF164E1D09E66600583B51 /* Swap.swift in Sources */,
			);
			runOnlyForDeploymentPostprocessing = 0;
		};
/* End PBXSourcesBuildPhase section */

/* Begin PBXVariantGroup section */
		1F14B0031D087C8E00720BB1 /* Main.storyboard */ = {
			isa = PBXVariantGroup;
			children = (
				1F14B0041D087C8E00720BB1 /* Base */,
			);
			name = Main.storyboard;
			sourceTree = "<group>";
		};
		1F14B0081D087C8E00720BB1 /* LaunchScreen.storyboard */ = {
			isa = PBXVariantGroup;
			children = (
				1F14B0091D087C8E00720BB1 /* Base */,
			);
			name = LaunchScreen.storyboard;
			sourceTree = "<group>";
		};
/* End PBXVariantGroup section */

/* Begin XCBuildConfiguration section */
		1F14B00C1D087C8E00720BB1 /* Debug */ = {
			isa = XCBuildConfiguration;
			buildSettings = {
				ALWAYS_SEARCH_USER_PATHS = NO;
				CLANG_ANALYZER_NONNULL = YES;
				CLANG_CXX_LANGUAGE_STANDARD = "gnu++0x";
				CLANG_CXX_LIBRARY = "libc++";
				CLANG_ENABLE_MODULES = YES;
				CLANG_ENABLE_OBJC_ARC = YES;
				CLANG_WARN_BOOL_CONVERSION = YES;
				CLANG_WARN_CONSTANT_CONVERSION = YES;
				CLANG_WARN_DIRECT_OBJC_ISA_USAGE = YES_ERROR;
				CLANG_WARN_EMPTY_BODY = YES;
				CLANG_WARN_ENUM_CONVERSION = YES;
				CLANG_WARN_INT_CONVERSION = YES;
				CLANG_WARN_OBJC_ROOT_CLASS = YES_ERROR;
				CLANG_WARN_UNREACHABLE_CODE = YES;
				CLANG_WARN__DUPLICATE_METHOD_MATCH = YES;
				"CODE_SIGN_IDENTITY[sdk=iphoneos*]" = "iPhone Developer";
				COPY_PHASE_STRIP = NO;
				DEBUG_INFORMATION_FORMAT = "dwarf-with-dsym";
				ENABLE_STRICT_OBJC_MSGSEND = YES;
				ENABLE_TESTABILITY = YES;
				GCC_C_LANGUAGE_STANDARD = gnu99;
				GCC_DYNAMIC_NO_PIC = NO;
				GCC_NO_COMMON_BLOCKS = YES;
				GCC_OPTIMIZATION_LEVEL = 0;
				GCC_PREPROCESSOR_DEFINITIONS = (
					"DEBUG=1",
					"$(inherited)",
				);
				GCC_WARN_64_TO_32_BIT_CONVERSION = YES;
				GCC_WARN_ABOUT_RETURN_TYPE = YES_ERROR;
				GCC_WARN_UNDECLARED_SELECTOR = YES;
				GCC_WARN_UNINITIALIZED_AUTOS = YES_AGGRESSIVE;
				GCC_WARN_UNUSED_FUNCTION = YES;
				GCC_WARN_UNUSED_VARIABLE = YES;
				IPHONEOS_DEPLOYMENT_TARGET = 9.3;
				MTL_ENABLE_DEBUG_INFO = YES;
				ONLY_ACTIVE_ARCH = YES;
				SDKROOT = iphoneos;
				SWIFT_OPTIMIZATION_LEVEL = "-Onone";
			};
			name = Debug;
		};
		1F14B00D1D087C8E00720BB1 /* Release */ = {
			isa = XCBuildConfiguration;
			buildSettings = {
				ALWAYS_SEARCH_USER_PATHS = NO;
				CLANG_ANALYZER_NONNULL = YES;
				CLANG_CXX_LANGUAGE_STANDARD = "gnu++0x";
				CLANG_CXX_LIBRARY = "libc++";
				CLANG_ENABLE_MODULES = YES;
				CLANG_ENABLE_OBJC_ARC = YES;
				CLANG_WARN_BOOL_CONVERSION = YES;
				CLANG_WARN_CONSTANT_CONVERSION = YES;
				CLANG_WARN_DIRECT_OBJC_ISA_USAGE = YES_ERROR;
				CLANG_WARN_EMPTY_BODY = YES;
				CLANG_WARN_ENUM_CONVERSION = YES;
				CLANG_WARN_INT_CONVERSION = YES;
				CLANG_WARN_OBJC_ROOT_CLASS = YES_ERROR;
				CLANG_WARN_UNREACHABLE_CODE = YES;
				CLANG_WARN__DUPLICATE_METHOD_MATCH = YES;
				"CODE_SIGN_IDENTITY[sdk=iphoneos*]" = "iPhone Developer";
				COPY_PHASE_STRIP = NO;
				DEBUG_INFORMATION_FORMAT = "dwarf-with-dsym";
				ENABLE_NS_ASSERTIONS = NO;
				ENABLE_STRICT_OBJC_MSGSEND = YES;
				GCC_C_LANGUAGE_STANDARD = gnu99;
				GCC_NO_COMMON_BLOCKS = YES;
				GCC_WARN_64_TO_32_BIT_CONVERSION = YES;
				GCC_WARN_ABOUT_RETURN_TYPE = YES_ERROR;
				GCC_WARN_UNDECLARED_SELECTOR = YES;
				GCC_WARN_UNINITIALIZED_AUTOS = YES_AGGRESSIVE;
				GCC_WARN_UNUSED_FUNCTION = YES;
				GCC_WARN_UNUSED_VARIABLE = YES;
				IPHONEOS_DEPLOYMENT_TARGET = 9.3;
				MTL_ENABLE_DEBUG_INFO = NO;
				SDKROOT = iphoneos;
				VALIDATE_PRODUCT = YES;
			};
			name = Release;
		};
		1F14B00F1D087C8E00720BB1 /* Debug */ = {
			isa = XCBuildConfiguration;
			buildSettings = {
				ASSETCATALOG_COMPILER_APPICON_NAME = AppIcon;
				CODE_SIGN_IDENTITY = "iPhone Developer";
				"CODE_SIGN_IDENTITY[sdk=iphoneos*]" = "iPhone Developer";
				INFOPLIST_FILE = "Bobble Head Crush/Info.plist";
				LD_RUNPATH_SEARCH_PATHS = "$(inherited) @executable_path/Frameworks";
				PRODUCT_BUNDLE_IDENTIFIER = "com.andbutso.Bobble-Head-Crush";
				PRODUCT_NAME = "$(TARGET_NAME)";
				PROVISIONING_PROFILE = "";
			};
			name = Debug;
		};
		1F14B0101D087C8E00720BB1 /* Release */ = {
			isa = XCBuildConfiguration;
			buildSettings = {
				ASSETCATALOG_COMPILER_APPICON_NAME = AppIcon;
				CODE_SIGN_IDENTITY = "iPhone Developer";
				"CODE_SIGN_IDENTITY[sdk=iphoneos*]" = "iPhone Developer";
				INFOPLIST_FILE = "Bobble Head Crush/Info.plist";
				LD_RUNPATH_SEARCH_PATHS = "$(inherited) @executable_path/Frameworks";
				PRODUCT_BUNDLE_IDENTIFIER = "com.andbutso.Bobble-Head-Crush";
				PRODUCT_NAME = "$(TARGET_NAME)";
				PROVISIONING_PROFILE = "";
			};
			name = Release;
		};
/* End XCBuildConfiguration section */

/* Begin XCConfigurationList section */
		1F14AFF31D087C8E00720BB1 /* Build configuration list for PBXProject "Bobble Head Crush" */ = {
			isa = XCConfigurationList;
			buildConfigurations = (
				1F14B00C1D087C8E00720BB1 /* Debug */,
				1F14B00D1D087C8E00720BB1 /* Release */,
			);
			defaultConfigurationIsVisible = 0;
			defaultConfigurationName = Release;
		};
		1F14B00E1D087C8E00720BB1 /* Build configuration list for PBXNativeTarget "Bobble Head Crush" */ = {
			isa = XCConfigurationList;
			buildConfigurations = (
				1F14B00F1D087C8E00720BB1 /* Debug */,
				1F14B0101D087C8E00720BB1 /* Release */,
			);
			defaultConfigurationIsVisible = 0;
			defaultConfigurationName = Release;
		};
/* End XCConfigurationList section */
	};
	rootObject = 1F14AFF01D087C8E00720BB1 /* Project object */;
}
